
Microsoft Visual Studio Solution File, Format Version 12.00
# Visual Studio Version 17
VisualStudioVersion = 17.1.32210.238
MinimumVisualStudioVersion = 10.0.40219.1
Project("{FAE04EC0-301F-11D3-BF4B-00C04F79EFBC}") = "lab____3", "lab____3\lab____3.csproj", "{D1D17866-9B1E-4F52-8B5D-D9E8396C24C2}"
EndProject
Project("{FAE04EC0-301F-11D3-BF4B-00C04F79EFBC}") = "lab____3Tests", "lab____3Tests\lab____3Tests.csproj", "{E8CC486F-5373-43D3-B94F-C969F8328FB4}"
EndProject
Global
	GlobalSection(SolutionConfigurationPlatforms) = preSolution
		Debug|Any CPU = Debug|Any CPU
		Release|Any CPU = Release|Any CPU
	EndGlobalSection
	GlobalSection(ProjectConfigurationPlatforms) = postSolution
		{D1D17866-9B1E-4F52-8B5D-D9E8396C24C2}.Debug|Any CPU.ActiveCfg = Debug|Any CPU
		{D1D17866-9B1E-4F52-8B5D-D9E8396C24C2}.Debug|Any CPU.Build.0 = Debug|Any CPU
		{D1D17866-9B1E-4F52-8B5D-D9E8396C24C2}.Release|Any CPU.ActiveCfg = Release|Any CPU
		{D1D17866-9B1E-4F52-8B5D-D9E8396C24C2}.Release|Any CPU.Build.0 = Release|Any CPU
		{E8CC486F-5373-43D3-B94F-C969F8328FB4}.Debug|Any CPU.ActiveCfg = Debug|Any CPU
		{E8CC486F-5373-43D3-B94F-C969F8328FB4}.Debug|Any CPU.Build.0 = Debug|Any CPU
		{E8CC486F-5373-43D3-B94F-C969F8328FB4}.Release|Any CPU.ActiveCfg = Release|Any CPU
		{E8CC486F-5373-43D3-B94F-C969F8328FB4}.Release|Any CPU.Build.0 = Release|Any CPU
	EndGlobalSection
	GlobalSection(SolutionProperties) = preSolution
		HideSolutionNode = FALSE
	EndGlobalSection
	GlobalSection(ExtensibilityGlobals) = postSolution
		SolutionGuid = {66308C65-45C2-4836-AC3C-175D4EED76D9}
	EndGlobalSection
EndGlobal
